github.com/aws/aws-sdk-go v1.55.8 h1:JRmEUbU52aJQZ2AjX4q4Wu7t4uZjOu71uyNmaWlUkJQ=
github.com/aws/aws-sdk-go v1.55.8/go.mod h1:ZkViS9AqA6otK+JBBNH2++sx1sgxrPKcSzPPvQkUtXk=
github.com/aws/aws-sdk-go-v2 v1.40.0 h1:/WMUA0kjhZExjOQN2z3oLALDREea1A7TobfuiBrKlwc=
github.com/aws/aws-sdk-go-v2 v1.40.0/go.mod h1:c9pm7VwuW0UPxAEYGyTmyurVcNrbF6Rt/wixFqDhcjE=
github.com/aws/aws-sdk-go-v2/aws/protocol/eventstream v1.6.7 h1:lL7IfaFzngfx0ZwUGOZdsFFnQ5uLvR0hWqqhyE7Q9M8=
github.com/aws/aws-sdk-go-v2/aws/protocol/eventstream v1.6.7/go.mod h1:QraP0UcVlQJsmHfioCrveWOC1nbiWUl3ej08h4mXWoc=
github.com/aws/aws-sdk-go-v2/config v1.28.11 h1:7Ekru0IkRHRnSRWGQLnLN6i0o1Jncd0rHo2T130+tEQ=
github.com/aws/aws-sdk-go-v2/config v1.28.11/go.mod h1:x78TpPvBfHH16hi5tE3OCWQ0pzNfyXA349p5/Wp82Yo=
github.com/aws/aws-sdk-go-v2/credentials v1.17.71 h1:r2w4mQWnrTMJjOyIsZtGp3R3XGY3nqHn8C26C2lQWgA=
github.com/aws/aws-sdk-go-v2/credentials v1.17.71/go.mod h1:E7VF3acIup4GB5ckzbKFrCK0vTvEQxOxgdq4U3vcMCY=
github.com/aws/aws-sdk-go-v2/feature/ec2/imds v1.16.33 h1:D9ixiWSG4lyUBL2DDNK924Px9V/NBVpML90MHqyTADY=
github.com/aws/aws-sdk-go-v2/feature/ec2/imds v1.16.33/go.mod h1:caS/m4DI+cij2paz3rtProRBI4s/+TCiWoaWZuQ9010=
github.com/aws/aws-sdk-go-v2/internal/configsources v1.4.14 h1:PZHqQACxYb8mYgms4RZbhZG0a7dPW06xOjmaH0EJC/I=
github.com/aws/aws-sdk-go-v2/internal/configsources v1.4.14/go.mod h1:VymhrMJUWs69D8u0/lZ7jSB6WgaG/NqHi3gX0aYf6U0=
github.com/aws/aws-sdk-go-v2/internal/endpoints/v2 v2.7.14 h1:bOS19y6zlJwagBfHxs0ESzr1XCOU2KXJCWcq3E2vfjY=
github.com/aws/aws-sdk-go-v2/internal/endpoints/v2 v2.7.14/go.mod h1:1ipeGBMAxZ0xcTm6y6paC2C/J6f6OO7LBODV9afuAyM=
github.com/aws/aws-sdk-go-v2/internal/ini v1.8.1 h1:VaRN3TlFdd6KxX1x3ILT5ynH6HvKgqdiXoTxAF4HQcQ=
github.com/aws/aws-sdk-go-v2/internal/ini v1.8.1/go.mod h1:FbtygfRFze9usAadmnGJNc8KsP346kEe+y2/oyhGAGc=
github.com/aws/aws-sdk-go-v2/internal/v4a v1.3.27 h1:AmB5QxnD+fBFrg9LcqzkgF/CaYvMyU/BTlejG4t1S7Q=
github.com/aws/aws-sdk-go-v2/internal/v4a v1.3.27/go.mod h1:Sai7P3xTiyv9ZUYO3IFxMnmiIP759/67iQbU4kdmkyU=
github.com/aws/aws-sdk-go-v2/service/amp v1.36.0 h1:bkMWckc+0CtmzdUls0WxNMgJW+FfVFBWXbI8gaD8xts=
github.com/aws/aws-sdk-go-v2/service/amp v1.36.0/go.mod h1:LJjtJRt+mqjs4D8JRKGEYjW4w4XNd7s5oXjivdbPXfc=
github.com/aws/aws-sdk-go-v2/service/apigateway v1.28.12 h1:m7O0X55xKIbwUnGcHOs3AMdPN7ZN6wFA8fyL0wIH1vM=
github.com/aws/aws-sdk-go-v2/service/apigateway v1.28.12/go.mod h1:n1JY79L1AAtLhKJXIRv9pACaj9IAuoOOAz6cekbTEkk=
github.com/aws/aws-sdk-go-v2/service/appsync v1.42.3 h1:Q903rtU9x/OmFMqXGm3033459yx/M1F9UcOWwoowH+s=
github.com/aws/aws-sdk-go-v2/service/appsync v1.42.3/go.mod h1:n3rcdK67R1TkgyXz+48uIUlpiMUwUd7pdVADSEZ5FGA=
github.com/aws/aws-sdk-go-v2/service/cloudfront v1.44.12 h1:GEdQ1mVjgYH/c7vKrt+rrPS8Ax3wgqOHOBudPE7UIJs=
github.com/aws/aws-sdk-go-v2/service/cloudfront v1.44.12/go.mod h1:nr2/4ch+huedh56oGZClTeCVENvMBqeEkzkObAFCDQM=
github.com/aws/aws-sdk-go-v2/service/docdb v1.41.7 h1:PcREFcABD9rw3UFjPFvhg3JIwK56gW0AFqjBpZRgpQQ=
github.com/aws/aws-sdk-go-v2/service/docdb v1.41.7/go.mod h1:Ex1bFLSZE6w+gKwGRSROIRdSQhGa5aHXt9dE54BHSXw=
github.com/aws/aws-sdk-go-v2/service/docdbelastic v1.15.5 h1:3fuuyMVTd8rS7nKXZcAQPj7miksKiRImi3Lh1CEFUiU=
github.com/aws/aws-sdk-go-v2/service/docdbelastic v1.15.5/go.mod h1:3BHCudcucv5mgG4XPn9EY+Rp6dc2hg+ZivkfUC56Nho=
github.com/aws/aws-sdk-go-v2/service/dsql v1.1.2 h1:8czLAorDvDBEOMnZVOeEP0vW3k5xiPAkRSHOboubPYQ=
github.com/aws/aws-sdk-go-v2/service/dsql v1.1.2/go.mod h1:StDU/D7R42LhrKp24PGzvxyKjjDm0lwo9JMwuy2qbo4=
github.com/aws/aws-sdk-go-v2/service/ec2 v1.239.0 h1:pPuzRQQoRY7pwxlNf1//yz5goxB98p1KMa3cdBO+E1E=
github.com/aws/aws-sdk-go-v2/service/ec2 v1.239.0/go.mod h1:lhyI/MJGGbPnOdYmmQRZe07S+2fW2uWI1XrUfAZgXLM=
github.com/aws/aws-sdk-go-v2/service/ecs v1.54.6 h1:TE4XBXeHvTTnD4rISqqMET4TwE7St4MrZvnJp+Gg5tY=
github.com/aws/aws-sdk-go-v2/service/ecs v1.54.6/go.mod h1:wAtdeFanDuF9Re/ge4DRDaYe3Wy1OGrU7jG042UcuI4=
github.com/aws/aws-sdk-go-v2/service/efs v1.35.4 h1:QJHwC9X5TxJJGdesIJP65gAsu0gXCGs0nF2/wBe4aAA=
github.com/aws/aws-sdk-go-v2/service/efs v1.35.4/go.mod h1:XT6hcgC1HV33EBGPWdXnbgyeqND4k43qX3argLyEZM8=
github.com/aws/aws-sdk-go-v2/service/eks v1.74.2 h1:GKqBur7gp6rnYbMZXh2+89f8g+/bu26ZKwpXfXrno80=
github.com/aws/aws-sdk-go-v2/service/eks v1.74.2/go.mod h1:f1/1x766rRjLVUk94exobjhggT1MR3vO4wxglqOvpY4=
github.com/aws/aws-sdk-go-v2/service/iam v1.38.10 h1:u/MwkFwRkKRDvy7D76/khJTk8HMp4mC5sZKErU53jos=
github.com/aws/aws-sdk-go-v2/service/iam v1.38.10/go.mod h1:Gid0WEVky3EWbkeXiS67kHhbiK+q3/wO/hvPh7plR0c=
github.com/aws/aws-sdk-go-v2/service/inspector2 v1.44.7 h1:ClhP0tP1YkEbZDyOPlztraNLHbO1/VHiTNmtoiTsO4k=
github.com/aws/aws-sdk-go-v2/service/inspector2 v1.44.7/go.mod h1:fT+HfDP5lEwAxVdLd5IbksaDapCcfrXsjljJ3PFrJWE=
github.com/aws/aws-sdk-go-v2/service/internal/accept-encoding v1.13.0 h1:6+lZi2JeGKtCraAj1rpoZfKqnQ9SptseRZioejfUOLM=
github.com/aws/aws-sdk-go-v2/service/internal/accept-encoding v1.13.0/go.mod h1:eb3gfbVIxIoGgJsi9pGne19dhCBpK6opTYpQqAmdy44=
github.com/aws/aws-sdk-go-v2/service/internal/checksum v1.4.8 h1:iwYS40JnrBeA9e9aI5S6KKN4EB2zR4iUVYN0nwVivz4=
github.com/aws/aws-sdk-go-v2/service/internal/checksum v1.4.8/go.mod h1:Fm9Mi+ApqmFiknZtGpohVcBGvpTu542VC4XO9YudRi0=
github.com/aws/aws-sdk-go-v2/service/internal/presigned-url v1.13.1 h1:ky79ysLMxhwk5rxJtS+ILd3Mc8kC5fhsLBrP27r6h4I=
github.com/aws/aws-sdk-go-v2/service/internal/presigned-url v1.13.1/go.mod h1:+2MmkvFvPYM1vsozBWduoLJUi5maxFk5B7KJFECujhY=
github.com/aws/aws-sdk-go-v2/service/internal/s3shared v1.18.10 h1:fXoWC2gi7tdJYNTPnnlSGzEVwewUchOi8xVq/dkg8Qs=
github.com/aws/aws-sdk-go-v2/service/internal/s3shared v1.18.10/go.mod h1:cvzBApD5dVazHU8C2rbBQzzzsKc8m5+wNJ9mCRZLKPc=
github.com/aws/aws-sdk-go-v2/service/mgn v1.37.5 h1:BMu425Ntx40waGQ0/g6BeX1F/sYvKdIcO+ABys5Jv9s=
github.com/aws/aws-sdk-go-v2/service/mgn v1.37.5/go.mod h1:F3YMviBP/8gRnYBh8j+6MUw/c3ID0l3IMS37kHAo22Y=
github.com/aws/aws-sdk-go-v2/service/neptunegraph v1.17.6 h1:sA9Ll0/+rmaz08n5CHBI/l5ZVzBVxqTR9VZxPjkOP5Q=
github.com/aws/aws-sdk-go-v2/service/neptunegraph v1.17.6/go.mod h1:rbHtwGyKB0puYUphsbaSq2vQuoYfQ7Vx/ZBx9h4CnSU=
github.com/aws/aws-sdk-go-v2/service/networkfirewall v1.53.0 h1:FHl1QPk+MTUjcbGtnNfcVnq5bPkP71Tbzt++qQ/dCnY=
github.com/aws/aws-sdk-go-v2/service/networkfirewall v1.53.0/go.mod h1:EiHBjTVCeOUX045RTpHUuqrtexp4OtSbMLj+nXiaaHw=
github.com/aws/aws-sdk-go-v2/service/route53profiles v1.4.17 h1:x19QmT0wHVz5v48OqvGY1B18Pdw3Z1XHsc/+eLWRUQ8=
github.com/aws/aws-sdk-go-v2/service/route53profiles v1.4.17/go.mod h1:Fw3q+gxXdlWm/chYEtIbeILj3bqObPLm7fbn/bPUXaE=
github.com/aws/aws-sdk-go-v2/service/route53resolver v1.41.1 h1:nhXTcE5IxAz+AIRSw0qj8/Qzx5SQPQJ5jbh64Py1a3A=
github.com/aws/aws-sdk-go-v2/service/route53resolver v1.41.1/go.mod h1:sw/NeWUDqWachTcxgkz7ah43Tap829L5AyaHkBJKx4Q=
github.com/aws/aws-sdk-go-v2/service/s3 v1.72.3 h1:WZOmJfCDV+4tYacLxpiojoAdT5sxTfB3nTqQNtZu+J4=
github.com/aws/aws-sdk-go-v2/service/s3 v1.72.3/go.mod h1:xMekrnhmJ5aqmyxtmALs7mlvXw5xRh+eYjOjvrIIFJ4=
github.com/aws/aws-sdk-go-v2/service/s3control v1.52.7 h1:cewH1fJ35N26pujUo8pXtqngf0QZio0ko62rT1x2Uak=
github.com/aws/aws-sdk-go-v2/service/s3control v1.52.7/go.mod h1:zZ6ah0Hp8TqLZERFcwSQ2T5A4lMkX5vujkDvSkFiXh8=
github.com/aws/aws-sdk-go-v2/service/shield v1.34.6 h1:AWKt4pVqiqzLIT3xoOThd0xT6dY1lSB+7yDcn0N3I48=
github.com/aws/aws-sdk-go-v2/service/shield v1.34.6/go.mod h1:Io5NYTndCqsmL+vdfoQEkInZkbZn8gLloqEjGvng+7M=
github.com/aws/aws-sdk-go-v2/service/ssmquicksetup v1.3.10 h1:3e9ZvkZB5NsDellLxPuaCJSeA5Hg7SeHY+Godotzizc=
github.com/aws/aws-sdk-go-v2/service/ssmquicksetup v1.3.10/go.mod h1:UKtH07HzEWvg7zZ6R2JixYlmGYa/3i2niz7Lz2zJoeM=
github.com/aws/aws-sdk-go-v2/service/sso v1.25.6 h1:rGtWqkQbPk7Bkwuv3NzpE/scwwL9sC1Ul3tn9x83DUI=
github.com/aws/aws-sdk-go-v2/service/sso v1.25.6/go.mod h1:u4ku9OLv4TO4bCPdxf4fA1upaMaJmP9ZijGk3AAOC6Q=
github.com/aws/aws-sdk-go-v2/service/ssooidc v1.30.4 h1:OV/pxyXh+eMA0TExHEC4jyWdumLxNbzz1P0zJoezkJc=
github.com/aws/aws-sdk-go-v2/service/ssooidc v1.30.4/go.mod h1:8Mm5VGYwtm+r305FfPSuc+aFkrypeylGYhFim6XEPoc=
github.com/aws/aws-sdk-go-v2/service/sts v1.34.1 h1:aUrLQwJfZtwv3/ZNG2xRtEen+NqI3iesuacjP51Mv1s=
github.com/aws/aws-sdk-go-v2/service/sts v1.34.1/go.mod h1:3wFBZKoWnX3r+Sm7in79i54fBmNfwhdNdQuscCw7QIk=
github.com/aws/aws-sdk-go-v2/service/transfer v1.55.5 h1:3CgAcyZciL7KG/8LCEWWoMJfZvgZV2xUzjtNGDlaBVQ=
github.com/aws/aws-sdk-go-v2/service/transfer v1.55.5/go.mod h1:NJBUE6GjnjqSvexXpU0pj/2w+VEhRk5XPL5rRZpj7bI=
github.com/aws/smithy-go v1.23.2 h1:Crv0eatJUQhaManss33hS5r40CG3ZFH+21XSkqMrIUM=
github.com/aws/smithy-go v1.23.2/go.mod h1:LEj2LM3rBRQJxPZTB4KuzZkaZYnZPnvgIhb4pu07mx0=
github.com/benbjohnson/clock v1.3.0 h1:ip6w0uFQkncKQ979AypyG0ER7mqUSBdKLOgAle/AT8A=
github.com/benbjohnson/clock v1.3.0/go.mod h1:J11/hYXuz8f4ySSvYwY0FKfm+ezbsZBKZxNJlLklBHA=
github.com/creack/pty v1.1.9/go.mod h1:oKZEueFk5CKHvIhNR5MUki03XCEU+Q6VDXinZuGJ33E=
github.com/davecgh/go-spew v1.1.0/go.mod h1:J7Y8YcW2NihsgmVo/mv3lAwl/skON4iLHjSsI+c5H38=
github.com/davecgh/go-spew v1.1.1 h1:vj9j/u1bqnvCEfJOwUhtlOARqs3+rkHYY13jYWTU97c=
github.com/davecgh/go-spew v1.1.1/go.mod h1:J7Y8YcW2NihsgmVo/mv3lAwl/skON4iLHjSsI+c5H38=
github.com/ekristen/libnuke v1.3.0 h1:HX9FcsmzwA0sWOuaaXUmKnuEgf/5ONwxTDhNJUhElvc=
github.com/ekristen/libnuke v1.3.0/go.mod h1:P5wHOoO92FKb/6Fh/tjmRtGo+mx4ehNcrStGhUc0HzM=
github.com/fatih/color v1.18.0 h1:S8gINlzdQ840/4pfAwic/ZE0djQEH3wM94VfqLTZcOM=
github.com/fatih/color v1.18.0/go.mod h1:4FelSpRwEGDpQ12mAdzqdOukCy4u8WUtOY6lkT/6HfU=
github.com/golang/mock v1.6.0 h1:ErTB+efbowRARo13NNdxyJji2egdxLGQhRaY+DUumQc=
github.com/golang/mock v1.6.0/go.mod h1:p6yTPP+5HYm5mzsMV8JkE6ZKdX+/wYM6Hr+LicevLPs=
github.com/google/uuid v1.6.0 h1:NIvaJDMOsjHA8n1jAhLSgzrAzy1Hgr+hNrb57e+94F0=
github.com/google/uuid v1.6.0/go.mod h1:TIyPZe4MgqvfeYDBFedMoGGpEw/LqOeaOT+nhxU+yHo=
github.com/gotidy/ptr v1.4.0 h1:7++suUs+HNHMnyz6/AW3SE+4EnBhupPSQTSI7QNijVc=
github.com/gotidy/ptr v1.4.0/go.mod h1:MjRBG6/IETiiZGWI8LrRtISXEji+8b/jigmj2q0mEyM=
github.com/iancoleman/strcase v0.3.0 h1:nTXanmYxhfFAMjZL34Ov6gkzEsSJZ5DbhxWjvSASxEI=
github.com/iancoleman/strcase v0.3.0/go.mod h1:iwCmte+B7n89clKwxIoIXy/HfoL7AsD47ZCWhYzw7ho=
github.com/jmespath/go-jmespath v0.4.0 h1:BEgLn5cpjn8UN1mAw4NjwDrS35OdebyEtFe+9YPoQUg=
github.com/jmespath/go-jmespath v0.4.0/go.mod h1:T8mJZnbsbmF+m6zOOFylbeCJqk5+pHWvzYPziyZiYoo=
github.com/jmespath/go-jmespath/internal/testify v1.5.1 h1:shLQSRRSCCPj3f2gpwzGwWFoC7ycTf1rcQZHOlsJ6N8=
github.com/jmespath/go-jmespath/internal/testify v1.5.1/go.mod h1:L3OGu8Wl2/fWfCI6z80xFu9LTZmf1ZRjMHUOPmWr69U=
github.com/kr/pretty v0.2.1/go.mod h1:ipq/a2n7PKx3OHsz4KJII5eveXtPO4qwEXGdVfWzfnI=
github.com/kr/pretty v0.3.1 h1:flRD4NNwYAUpkphVc1HcthR4KEIFJ65n8Mw5qdRn3LE=
github.com/kr/pretty v0.3.1/go.mod h1:hoEshYVHaxMs3cyo3Yncou5ZscifuDolrwPKZanG3xk=
github.com/kr/pty v1.1.1/go.mod h1:pFQYn66WHrOpPYNljwOMqo10TkYh1fy3cYio2l3bCsQ=
github.com/kr/text v0.1.0/go.mod h1:4Jbv+DJW3UT/LiOwJeYQe1efqtUx/iVham/4vfdArNI=
github.com/kr/text v0.2.0 h1:5Nx0Ya0ZqY2ygV366QzturHI13Jq95ApcVaJBhpS+AY=
github.com/kr/text v0.2.0/go.mod h1:eLer722TekiGuMkidMxC/pM04lWEeraHUUmBw8l2grE=
github.com/mattn/go-colorable v0.1.13 h1:fFA4WZxdEF4tXPZVKMLwD8oUnCTTo08duU7wxecdEvA=
github.com/mattn/go-colorable v0.1.13/go.mod h1:7S9/ev0klgBDR4GtXTXX8a3vIGJpMovkB8vQcUbaXHg=
github.com/mattn/go-isatty v0.0.16/go.mod h1:kYGgaQfpe5nmfYZH+SKPsOc2e4SrIfOl2e/yFXSvRLM=
github.com/mattn/go-isatty v0.0.20 h1:xfD0iDuEKnDkl03q4limB+vH+GxLEtL/jb4xVJSWWEY=
github.com/mattn/go-isatty v0.0.20/go.mod h1:W+V8PltTTMOvKvAeJH7IuucS94S2C6jfK/D7dTCTo3Y=
github.com/mb0/glob v0.0.0-20160210091149-1eb79d2de6c4 h1:NK3O7S5FRD/wj7ORQ5C3Mx1STpyEMuFe+/F0Lakd1Nk=
github.com/mb0/glob v0.0.0-20160210091149-1eb79d2de6c4/go.mod h1:FqD3ES5hx6zpzDainDaHgkTIqrPaI9uX4CVWqYZoQjY=
github.com/pkg/diff v0.0.0-20210226163009-20ebb0f2a09e/go.mod h1:pJLUxLENpZxwdsKMEsNbx1VGcRFpLqf3715MtcvvzbA=
github.com/pkg/errors v0.9.1 h1:FEBLx1zS214owpjy7qsBeixbURkuhQAwrK5UwLGTwt4=
github.com/pkg/errors v0.9.1/go.mod h1:bwawxfHBFNV+L2hUp1rHADufV3IMtnDRdf1r5NINEl0=
github.com/pmezard/go-difflib v1.0.0 h1:4DBwDE0NGyQoBHbLQYPwSUPoCMWR5BEzIk/f1lZbAQM=
github.com/pmezard/go-difflib v1.0.0/go.mod h1:iKH77koFhYxTK1pcRnkKkqfTogsbg7gZNVY4sRDYZ/4=
github.com/rogpeppe/go-internal v1.9.0/go.mod h1:WtVeX8xhTBvf0smdhujwtBcq4Qrzq/fJaraNFVN+nFs=
github.com/rogpeppe/go-internal v1.11.0 h1:cWPaGQEPrBb5/AsnsZesgZZ9yb1OQ+GOISoDNXVBh4M=
github.com/rogpeppe/go-internal v1.11.0/go.mod h1:ddIwULY96R17DhadqLgMfk9H9tvdUzkipdSkR5nkCZA=
github.com/sirupsen/logrus v1.9.3 h1:dueUQJ1C2q9oE3F7wvmSGAaVtTmUizReu6fjN8uqzbQ=
github.com/sirupsen/logrus v1.9.3/go.mod h1:naHLuLoDiP4jHNo9R0sCBMtWGeIprob74mVsIT4qYEQ=
github.com/stevenle/topsort v0.2.0 h1:LLWgtp34HPX6/RBDRS0kElVxGOTzGBLI1lSAa5Lb46k=
github.com/stevenle/topsort v0.2.0/go.mod h1:ck2WG2/ZrOr6dLApQ/5Xrqy5wv3T0qhKYWE7r9tkibc=
github.com/stretchr/objx v0.1.0/go.mod h1:HFkY916IF+rwdDfMAkV7OtwuqBVzrE8GR6GFx+wExME=
github.com/stretchr/objx v0.5.2 h1:xuMeJ0Sdp5ZMRXx/aWO6RZxdr3beISkG5/G/aIRr3pY=
github.com/stretchr/objx v0.5.2/go.mod h1:FRsXN1f5AsAjCGJKqEizvkpNtU+EGNCLh3NxZ/8L+MA=
github.com/stretchr/testify v1.7.0/go.mod h1:6Fq8oRcR53rry900zMqJjRRixrwX3KX962/h/Wwjteg=
github.com/stretchr/testify v1.11.1 h1:7s2iGBzp5EwR7/aIZr8ao5+dra3wiQyKjjFuvgVKu7U=
github.com/stretchr/testify v1.11.1/go.mod h1:wZwfW3scLgRK+23gO65QZefKpKQRnfz6sD981Nm4B6U=
github.com/urfave/cli/v3 v3.4.1 h1:1M9UOCy5bLmGnuu1yn3t3CB4rG79Rtoxuv1sPhnm6qM=
github.com/urfave/cli/v3 v3.4.1/go.mod h1:FJSKtM/9AiiTOJL4fJ6TbMUkxBXn7GO9guZqoZtpYpo=
github.com/yuin/goldmark v1.3.5/go.mod h1:mwnBkeHKe2W/ZEtQ+71ViKU8L12m81fl3OWwC1Zlc8k=
go.uber.org/atomic v1.7.0 h1:ADUqmZGgLDDfbSL9ZmPxKTybcoEYHgpYfELNoN+7hsw=
go.uber.org/atomic v1.7.0/go.mod h1:fEN4uk6kAWBTFdckzkM89CLk9XfWZrxpCo0nPH17wJc=
go.uber.org/mock v0.6.0 h1:hyF9dfmbgIX5EfOdasqLsWD6xqpNZlXblLB/Dbnwv3Y=
go.uber.org/mock v0.6.0/go.mod h1:KiVJ4BqZJaMj4svdfmHM0AUx4NJYO8ZNpPnZn1Z+BBU=
go.uber.org/ratelimit v0.3.1 h1:K4qVE+byfv/B3tC+4nYWP7v/6SimcO7HzHekoMNBma0=
go.uber.org/ratelimit v0.3.1/go.mod h1:6euWsTB6U/Nb3X++xEUXA8ciPJvr19Q/0h1+oDcJhRk=
golang.org/x/crypto v0.0.0-20190308221718-c2843e01d9a2/go.mod h1:djNgcEr1/C05ACkg1iLfiJU5Ep61QUkGW8qpdssI0+w=
golang.org/x/crypto v0.0.0-20191011191535-87dc89f01550/go.mod h1:yigFU9vqHzYiE8UmvKecakEJjdnWj3jj499lnFckfCI=
golang.org/x/mod v0.4.2/go.mod h1:s0Qsj1ACt9ePp/hMypM3fl4fZqREWJwdYDEqhRiZZUA=
golang.org/x/net v0.0.0-20190404232315-eb5bcb51f2a3/go.mod h1:t9HGtf8HONx5eT2rtn7q6eTqICYqUVnKs3thJo3Qplg=
golang.org/x/net v0.0.0-20190620200207-3b0461eec859/go.mod h1:z5CRVTTTmAJ677TzLLGU+0bjPO0LkuOLi4/5GtJWs/s=
golang.org/x/net v0.0.0-20210405180319-a5a99cb37ef4/go.mod h1:p54w0d4576C0XHj96bSt6lcn1PtDYWL6XObtHCRCNQM=
golang.org/x/sync v0.0.0-20190423024810-112230192c58/go.mod h1:RxMgew5VJxzue5/jJTE5uejpjVlOe/izrB70Jof72aM=
golang.org/x/sync v0.0.0-20210220032951-036812b2e83c/go.mod h1:RxMgew5VJxzue5/jJTE5uejpjVlOe/izrB70Jof72aM=
golang.org/x/sync v0.17.0 h1:l60nONMj9l5drqw6jlhIELNv9I0A4OFgRsG9k2oT9Ug=
golang.org/x/sync v0.17.0/go.mod h1:9KTHXmSnoGruLpwFjVSX0lNNA75CykiMECbovNTZqGI=
golang.org/x/sys v0.0.0-20190215142949-d0b11bdaac8a/go.mod h1:STP8DvDyc/dI5b8T5hshtkjS+E42TnysNCUPdjciGhY=
golang.org/x/sys v0.0.0-20190412213103-97732733099d/go.mod h1:h1NjWce9XRLGQEsW7wpKNCjG9DtNlClVuFLEZdDNbEs=
golang.org/x/sys v0.0.0-20201119102817-f84b799fce68/go.mod h1:h1NjWce9XRLGQEsW7wpKNCjG9DtNlClVuFLEZdDNbEs=
golang.org/x/sys v0.0.0-20210330210617-4fbd30eecc44/go.mod h1:h1NjWce9XRLGQEsW7wpKNCjG9DtNlClVuFLEZdDNbEs=
golang.org/x/sys v0.0.0-20210510120138-977fb7262007/go.mod h1:oPkhp1MJrh7nUepCBck5+mAzfO9JrbApNNgaTdGDITg=
golang.org/x/sys v0.0.0-20220715151400-c0bba94af5f8/go.mod h1:oPkhp1MJrh7nUepCBck5+mAzfO9JrbApNNgaTdGDITg=
golang.org/x/sys v0.0.0-20220811171246-fbc7d0a398ab/go.mod h1:oPkhp1MJrh7nUepCBck5+mAzfO9JrbApNNgaTdGDITg=
golang.org/x/sys v0.6.0/go.mod h1:oPkhp1MJrh7nUepCBck5+mAzfO9JrbApNNgaTdGDITg=
golang.org/x/sys v0.25.0 h1:r+8e+loiHxRqhXVl6ML1nO3l1+oFoWbnlu2Ehimmi34=
golang.org/x/sys v0.25.0/go.mod h1:/VUhepiaJMQUp4+oa/7Zr1D23ma6VTLIYjOOTFZPUcA=
golang.org/x/term v0.0.0-20201126162022-7de9c90e9dd1/go.mod h1:bj7SfCRtBDWHUb9snDiAeCFNEtKQo2Wmx5Cou7ajbmo=
golang.org/x/text v0.3.0/go.mod h1:NqM8EUOU14njkJ3fqMW+pc6Ldnwhi/IjpwHt7yyuwOQ=
golang.org/x/text v0.3.3/go.mod h1:5Zoc/QRtKVWzQhOtBMvqHzDpF6irO9z98xDceosuGiQ=
golang.org/x/text v0.30.0 h1:yznKA/E9zq54KzlzBEAWn1NXSQ8DIp/NYMy88xJjl4k=
golang.org/x/text v0.30.0/go.mod h1:yDdHFIX9t+tORqspjENWgzaCVXgk0yYnYuSZ8UzzBVM=
golang.org/x/tools v0.0.0-20180917221912-90fa682c2a6e/go.mod h1:n7NCudcB/nEzxVGmLbDWY5pfWTLqBcC2KZ6jyYvM4mQ=
golang.org/x/tools v0.0.0-20191119224855-298f0cb1881e/go.mod h1:b+2E5dAYhXwXZwtnZ6UAqBI28+e2cm9otk0dWdXHAEo=
golang.org/x/tools v0.1.1/go.mod h1:o0xws9oXOQQZyjljx8fwUC0k7L1pTE6eaCbjGeHmOkk=
golang.org/x/xerrors v0.0.0-20190717185122-a985d3407aa7/go.mod h1:I/5z698sn9Ka8TeJc9MKroUUfqBBauWjQqLJ2OPfmY0=
golang.org/x/xerrors v0.0.0-20191011141410-1b5146add898/go.mod h1:I/5z698sn9Ka8TeJc9MKroUUfqBBauWjQqLJ2OPfmY0=
golang.org/x/xerrors v0.0.0-20200804184101-5ec99f83aff1/go.mod h1:I/5z698sn9Ka8TeJc9MKroUUfqBBauWjQqLJ2OPfmY0=
gopkg.in/check.v1 v0.0.0-20161208181325-20d25e280405/go.mod h1:Co6ibVJAznAaIkqp8huTwlJQCZ016jof/cbN4VW5Yz0=
gopkg.in/check.v1 v1.0.0-20201130134442-10cb98267c6c h1:Hei/4ADfdWqJk1ZMxUNpqntNwaWcugrBjAiHlqqRiVk=
gopkg.in/check.v1 v1.0.0-20201130134442-10cb98267c6c/go.mod h1:JHkPIbrfpd72SG/EVd6muEfDQjcINNoR0C8j2r3qZ4Q=
gopkg.in/yaml.v2 v2.2.8/go.mod h1:hI93XBmqTisBFMUTm0b8Fm+jr3Dg1NNxqwp+5A1VGuI=
gopkg.in/yaml.v2 v2.4.0 h1:D8xgwECY7CYvx+Y2n4sBz93Jn9JRvxdiyyo8CTfuKaY=
gopkg.in/yaml.v2 v2.4.0/go.mod h1:RDklbk79AGWmwhnvt/jBztapEOGDOx6ZbXqjP6csGnQ=
gopkg.in/yaml.v3 v3.0.0-20200313102051-9f266ea9e77c/go.mod h1:K4uyk7z7BCEPqu6E+C64Yfv1cQ7kz7rIZviUmN+EgEM=
gopkg.in/yaml.v3 v3.0.1 h1:fxVm/GzAzEWqLHuvctI91KS9hhNmmWOoWu0XTYJS7CA=
gopkg.in/yaml.v3 v3.0.1/go.mod h1:K4uyk7z7BCEPqu6E+C64Yfv1cQ7kz7rIZviUmN+EgEM=
